
Microsoft Visual Studio Solution File, Format Version 12.00
# Visual Studio Version 17
VisualStudioVersion = 17.0.31903.59
MinimumVisualStudioVersion = 10.0.40219.1
Project("{2150E333-8FDC-42A3-9474-1A3956D46DE8}") = "src", "src", "{827E0CD3-B72D-47B6-A68D-7590B98EB39B}"
EndProject
Project("{FAE04EC0-301F-11D3-BF4B-00C04F79EFBC}") = "MindBloom.API", "src\MindBloom.API\MindBloom.API.csproj", "{3FEF201E-BE79-42A8-BB82-C63C3788310F}"
EndProject
Project("{FAE04EC0-301F-11D3-BF4B-00C04F79EFBC}") = "MindBloom.Application", "src\MindBloom.Application\MindBloom.Application.csproj", "{84EDA7DA-CA64-41E2-A5A7-FEE3283A7850}"
EndProject
Project("{FAE04EC0-301F-11D3-BF4B-00C04F79EFBC}") = "MindBloom.Domain", "src\MindBloom.Domain\MindBloom.Domain.csproj", "{9588F4E9-C225-4195-87DE-30B27B8CE671}"
EndProject
Project("{FAE04EC0-301F-11D3-BF4B-00C04F79EFBC}") = "MindBloom.Infrastructure", "src\MindBloom.Infrastructure\MindBloom.Infrastructure.csproj", "{03B20F31-0554-43B3-B41B-A2041F821753}"
EndProject
Project("{FAE04EC0-301F-11D3-BF4B-00C04F79EFBC}") = "MindBloom.Shared", "src\MindBloom.Shared\MindBloom.Shared.csproj", "{154A49CF-5AC8-46F9-B349-C5EE20DC297C}"
EndProject
Project("{FAE04EC0-301F-11D3-BF4B-00C04F79EFBC}") = "MindBloom.Worker", "src\MindBloom.NotificationsWorker\MindBloom.Worker.csproj", "{D5544BDA-E3FB-4630-94E0-AEA63C845349}"
EndProject
Project("{FAE04EC0-301F-11D3-BF4B-00C04F79EFBC}") = "MindBloom.Messaging.Contracts", "MindBloom.Messaging.Contracts\MindBloom.Messaging.Contracts.csproj", "{2C724BAC-EBDA-48F4-AE59-5FB23E7B9EDE}"
EndProject
Project("{FAE04EC0-301F-11D3-BF4B-00C04F79EFBC}") = "MindBloom.SecurityTests", "MindBloom.SecurityTests\MindBloom.SecurityTests.csproj", "{4F590F96-C8A9-4FD8-976B-2F2BC19AC03D}"
	ProjectSection(ProjectDependencies) = postProject
		{03B20F31-0554-43B3-B41B-A2041F821753} = {03B20F31-0554-43B3-B41B-A2041F821753}
		{154A49CF-5AC8-46F9-B349-C5EE20DC297C} = {154A49CF-5AC8-46F9-B349-C5EE20DC297C}
		{3FEF201E-BE79-42A8-BB82-C63C3788310F} = {3FEF201E-BE79-42A8-BB82-C63C3788310F}
		{84EDA7DA-CA64-41E2-A5A7-FEE3283A7850} = {84EDA7DA-CA64-41E2-A5A7-FEE3283A7850}
		{9588F4E9-C225-4195-87DE-30B27B8CE671} = {9588F4E9-C225-4195-87DE-30B27B8CE671}
	EndProjectSection
EndProject
Project("{2150E333-8FDC-42A3-9474-1A3956D46DE8}") = "tests", "tests", "{02EA681E-C7D8-13C7-8484-4AC65E1B71E8}"
EndProject
Project("{FAE04EC0-301F-11D3-BF4B-00C04F79EFBC}") = "MindBloom.UnitTests", "MindBloom.UnitTests\MindBloom.UnitTests.csproj", "{A9797D99-1300-4B33-8C08-6C8846AAB95B}"
EndProject
Global
	GlobalSection(SolutionConfigurationPlatforms) = preSolution
		Debug|Any CPU = Debug|Any CPU
		Debug|x64 = Debug|x64
		Debug|x86 = Debug|x86
		Release|Any CPU = Release|Any CPU
		Release|x64 = Release|x64
		Release|x86 = Release|x86
	EndGlobalSection
	GlobalSection(ProjectConfigurationPlatforms) = postSolution
		{3FEF201E-BE79-42A8-BB82-C63C3788310F}.Debug|Any CPU.ActiveCfg = Debug|Any CPU
		{3FEF201E-BE79-42A8-BB82-C63C3788310F}.Debug|Any CPU.Build.0 = Debug|Any CPU
		{3FEF201E-BE79-42A8-BB82-C63C3788310F}.Debug|x64.ActiveCfg = Debug|Any CPU
		{3FEF201E-BE79-42A8-BB82-C63C3788310F}.Debug|x64.Build.0 = Debug|Any CPU
		{3FEF201E-BE79-42A8-BB82-C63C3788310F}.Debug|x86.ActiveCfg = Debug|Any CPU
		{3FEF201E-BE79-42A8-BB82-C63C3788310F}.Debug|x86.Build.0 = Debug|Any CPU
		{3FEF201E-BE79-42A8-BB82-C63C3788310F}.Release|Any CPU.ActiveCfg = Release|Any CPU
		{3FEF201E-BE79-42A8-BB82-C63C3788310F}.Release|Any CPU.Build.0 = Release|Any CPU
		{3FEF201E-BE79-42A8-BB82-C63C3788310F}.Release|x64.ActiveCfg = Release|Any CPU
		{3FEF201E-BE79-42A8-BB82-C63C3788310F}.Release|x64.Build.0 = Release|Any CPU
		{3FEF201E-BE79-42A8-BB82-C63C3788310F}.Release|x86.ActiveCfg = Release|Any CPU
		{3FEF201E-BE79-42A8-BB82-C63C3788310F}.Release|x86.Build.0 = Release|Any CPU
		{84EDA7DA-CA64-41E2-A5A7-FEE3283A7850}.Debug|Any CPU.ActiveCfg = Debug|Any CPU
		{84EDA7DA-CA64-41E2-A5A7-FEE3283A7850}.Debug|Any CPU.Build.0 = Debug|Any CPU
		{84EDA7DA-CA64-41E2-A5A7-FEE3283A7850}.Debug|x64.ActiveCfg = Debug|Any CPU
		{84EDA7DA-CA64-41E2-A5A7-FEE3283A7850}.Debug|x64.Build.0 = Debug|Any CPU
		{84EDA7DA-CA64-41E2-A5A7-FEE3283A7850}.Debug|x86.ActiveCfg = Debug|Any CPU
		{84EDA7DA-CA64-41E2-A5A7-FEE3283A7850}.Debug|x86.Build.0 = Debug|Any CPU
		{84EDA7DA-CA64-41E2-A5A7-FEE3283A7850}.Release|Any CPU.ActiveCfg = Release|Any CPU
		{84EDA7DA-CA64-41E2-A5A7-FEE3283A7850}.Release|Any CPU.Build.0 = Release|Any CPU
		{84EDA7DA-CA64-41E2-A5A7-FEE3283A7850}.Release|x64.ActiveCfg = Release|Any CPU
		{84EDA7DA-CA64-41E2-A5A7-FEE3283A7850}.Release|x64.Build.0 = Release|Any CPU
		{84EDA7DA-CA64-41E2-A5A7-FEE3283A7850}.Release|x86.ActiveCfg = Release|Any CPU
		{84EDA7DA-CA64-41E2-A5A7-FEE3283A7850}.Release|x86.Build.0 = Release|Any CPU
		{9588F4E9-C225-4195-87DE-30B27B8CE671}.Debug|Any CPU.ActiveCfg = Debug|Any CPU
		{9588F4E9-C225-4195-87DE-30B27B8CE671}.Debug|Any CPU.Build.0 = Debug|Any CPU
		{9588F4E9-C225-4195-87DE-30B27B8CE671}.Debug|x64.ActiveCfg = Debug|Any CPU
		{9588F4E9-C225-4195-87DE-30B27B8CE671}.Debug|x64.Build.0 = Debug|Any CPU
		{9588F4E9-C225-4195-87DE-30B27B8CE671}.Debug|x86.ActiveCfg = Debug|Any CPU
		{9588F4E9-C225-4195-87DE-30B27B8CE671}.Debug|x86.Build.0 = Debug|Any CPU
		{9588F4E9-C225-4195-87DE-30B27B8CE671}.Release|Any CPU.ActiveCfg = Release|Any CPU
		{9588F4E9-C225-4195-87DE-30B27B8CE671}.Release|Any CPU.Build.0 = Release|Any CPU
		{9588F4E9-C225-4195-87DE-30B27B8CE671}.Release|x64.ActiveCfg = Release|Any CPU
		{9588F4E9-C225-4195-87DE-30B27B8CE671}.Release|x64.Build.0 = Release|Any CPU
		{9588F4E9-C225-4195-87DE-30B27B8CE671}.Release|x86.ActiveCfg = Release|Any CPU
		{9588F4E9-C225-4195-87DE-30B27B8CE671}.Release|x86.Build.0 = Release|Any CPU
		{03B20F31-0554-43B3-B41B-A2041F821753}.Debug|Any CPU.ActiveCfg = Debug|Any CPU
		{03B20F31-0554-43B3-B41B-A2041F821753}.Debug|Any CPU.Build.0 = Debug|Any CPU
		{03B20F31-0554-43B3-B41B-A2041F821753}.Debug|x64.ActiveCfg = Debug|Any CPU
		{03B20F31-0554-43B3-B41B-A2041F821753}.Debug|x64.Build.0 = Debug|Any CPU
		{03B20F31-0554-43B3-B41B-A2041F821753}.Debug|x86.ActiveCfg = Debug|Any CPU
		{03B20F31-0554-43B3-B41B-A2041F821753}.Debug|x86.Build.0 = Debug|Any CPU
		{03B20F31-0554-43B3-B41B-A2041F821753}.Release|Any CPU.ActiveCfg = Release|Any CPU
		{03B20F31-0554-43B3-B41B-A2041F821753}.Release|Any CPU.Build.0 = Release|Any CPU
		{03B20F31-0554-43B3-B41B-A2041F821753}.Release|x64.ActiveCfg = Release|Any CPU
		{03B20F31-0554-43B3-B41B-A2041F821753}.Release|x64.Build.0 = Release|Any CPU
		{03B20F31-0554-43B3-B41B-A2041F821753}.Release|x86.ActiveCfg = Release|Any CPU
		{03B20F31-0554-43B3-B41B-A2041F821753}.Release|x86.Build.0 = Release|Any CPU
		{154A49CF-5AC8-46F9-B349-C5EE20DC297C}.Debug|Any CPU.ActiveCfg = Debug|Any CPU
		{154A49CF-5AC8-46F9-B349-C5EE20DC297C}.Debug|Any CPU.Build.0 = Debug|Any CPU
		{154A49CF-5AC8-46F9-B349-C5EE20DC297C}.Debug|x64.ActiveCfg = Debug|Any CPU
		{154A49CF-5AC8-46F9-B349-C5EE20DC297C}.Debug|x64.Build.0 = Debug|Any CPU
		{154A49CF-5AC8-46F9-B349-C5EE20DC297C}.Debug|x86.ActiveCfg = Debug|Any CPU
		{154A49CF-5AC8-46F9-B349-C5EE20DC297C}.Debug|x86.Build.0 = Debug|Any CPU
		{154A49CF-5AC8-46F9-B349-C5EE20DC297C}.Release|Any CPU.ActiveCfg = Release|Any CPU
		{154A49CF-5AC8-46F9-B349-C5EE20DC297C}.Release|Any CPU.Build.0 = Release|Any CPU
		{154A49CF-5AC8-46F9-B349-C5EE20DC297C}.Release|x64.ActiveCfg = Release|Any CPU
		{154A49CF-5AC8-46F9-B349-C5EE20DC297C}.Release|x64.Build.0 = Release|Any CPU
		{154A49CF-5AC8-46F9-B349-C5EE20DC297C}.Release|x86.ActiveCfg = Release|Any CPU
		{154A49CF-5AC8-46F9-B349-C5EE20DC297C}.Release|x86.Build.0 = Release|Any CPU
		{D5544BDA-E3FB-4630-94E0-AEA63C845349}.Debug|Any CPU.ActiveCfg = Debug|Any CPU
		{D5544BDA-E3FB-4630-94E0-AEA63C845349}.Debug|Any CPU.Build.0 = Debug|Any CPU
		{D5544BDA-E3FB-4630-94E0-AEA63C845349}.Debug|x64.ActiveCfg = Debug|Any CPU
		{D5544BDA-E3FB-4630-94E0-AEA63C845349}.Debug|x64.Build.0 = Debug|Any CPU
		{D5544BDA-E3FB-4630-94E0-AEA63C845349}.Debug|x86.ActiveCfg = Debug|Any CPU
		{D5544BDA-E3FB-4630-94E0-AEA63C845349}.Debug|x86.Build.0 = Debug|Any CPU
		{D5544BDA-E3FB-4630-94E0-AEA63C845349}.Release|Any CPU.ActiveCfg = Release|Any CPU
		{D5544BDA-E3FB-4630-94E0-AEA63C845349}.Release|Any CPU.Build.0 = Release|Any CPU
		{D5544BDA-E3FB-4630-94E0-AEA63C845349}.Release|x64.ActiveCfg = Release|Any CPU
		{D5544BDA-E3FB-4630-94E0-AEA63C845349}.Release|x64.Build.0 = Release|Any CPU
		{D5544BDA-E3FB-4630-94E0-AEA63C845349}.Release|x86.ActiveCfg = Release|Any CPU
		{D5544BDA-E3FB-4630-94E0-AEA63C845349}.Release|x86.Build.0 = Release|Any CPU
		{2C724BAC-EBDA-48F4-AE59-5FB23E7B9EDE}.Debug|Any CPU.ActiveCfg = Debug|Any CPU
		{2C724BAC-EBDA-48F4-AE59-5FB23E7B9EDE}.Debug|Any CPU.Build.0 = Debug|Any CPU
		{2C724BAC-EBDA-48F4-AE59-5FB23E7B9EDE}.Debug|x64.ActiveCfg = Debug|Any CPU
		{2C724BAC-EBDA-48F4-AE59-5FB23E7B9EDE}.Debug|x64.Build.0 = Debug|Any CPU
		{2C724BAC-EBDA-48F4-AE59-5FB23E7B9EDE}.Debug|x86.ActiveCfg = Debug|Any CPU
		{2C724BAC-EBDA-48F4-AE59-5FB23E7B9EDE}.Debug|x86.Build.0 = Debug|Any CPU
		{2C724BAC-EBDA-48F4-AE59-5FB23E7B9EDE}.Release|Any CPU.ActiveCfg = Release|Any CPU
		{2C724BAC-EBDA-48F4-AE59-5FB23E7B9EDE}.Release|Any CPU.Build.0 = Release|Any CPU
		{2C724BAC-EBDA-48F4-AE59-5FB23E7B9EDE}.Release|x64.ActiveCfg = Release|Any CPU
		{2C724BAC-EBDA-48F4-AE59-5FB23E7B9EDE}.Release|x64.Build.0 = Release|Any CPU
		{2C724BAC-EBDA-48F4-AE59-5FB23E7B9EDE}.Release|x86.ActiveCfg = Release|Any CPU
		{2C724BAC-EBDA-48F4-AE59-5FB23E7B9EDE}.Release|x86.Build.0 = Release|Any CPU
		{4F590F96-C8A9-4FD8-976B-2F2BC19AC03D}.Debug|Any CPU.ActiveCfg = Debug|Any CPU
		{4F590F96-C8A9-4FD8-976B-2F2BC19AC03D}.Debug|Any CPU.Build.0 = Debug|Any CPU
		{4F590F96-C8A9-4FD8-976B-2F2BC19AC03D}.Debug|x64.ActiveCfg = Debug|Any CPU
		{4F590F96-C8A9-4FD8-976B-2F2BC19AC03D}.Debug|x64.Build.0 = Debug|Any CPU
		{4F590F96-C8A9-4FD8-976B-2F2BC19AC03D}.Debug|x86.ActiveCfg = Debug|Any CPU
		{4F590F96-C8A9-4FD8-976B-2F2BC19AC03D}.Debug|x86.Build.0 = Debug|Any CPU
		{4F590F96-C8A9-4FD8-976B-2F2BC19AC03D}.Release|Any CPU.ActiveCfg = Release|Any CPU
		{4F590F96-C8A9-4FD8-976B-2F2BC19AC03D}.Release|Any CPU.Build.0 = Release|Any CPU
		{4F590F96-C8A9-4FD8-976B-2F2BC19AC03D}.Release|x64.ActiveCfg = Release|Any CPU
		{4F590F96-C8A9-4FD8-976B-2F2BC19AC03D}.Release|x64.Build.0 = Release|Any CPU
		{4F590F96-C8A9-4FD8-976B-2F2BC19AC03D}.Release|x86.ActiveCfg = Release|Any CPU
		{4F590F96-C8A9-4FD8-976B-2F2BC19AC03D}.Release|x86.Build.0 = Release|Any CPU
		{A9797D99-1300-4B33-8C08-6C8846AAB95B}.Debug|Any CPU.ActiveCfg = Debug|Any CPU
		{A9797D99-1300-4B33-8C08-6C8846AAB95B}.Debug|Any CPU.Build.0 = Debug|Any CPU
		{A9797D99-1300-4B33-8C08-6C8846AAB95B}.Debug|x64.ActiveCfg = Debug|Any CPU
		{A9797D99-1300-4B33-8C08-6C8846AAB95B}.Debug|x64.Build.0 = Debug|Any CPU
		{A9797D99-1300-4B33-8C08-6C8846AAB95B}.Debug|x86.ActiveCfg = Debug|Any CPU
		{A9797D99-1300-4B33-8C08-6C8846AAB95B}.Debug|x86.Build.0 = Debug|Any CPU
		{A9797D99-1300-4B33-8C08-6C8846AAB95B}.Release|Any CPU.ActiveCfg = Release|Any CPU
		{A9797D99-1300-4B33-8C08-6C8846AAB95B}.Release|Any CPU.Build.0 = Release|Any CPU
		{A9797D99-1300-4B33-8C08-6C8846AAB95B}.Release|x64.ActiveCfg = Release|Any CPU
		{A9797D99-1300-4B33-8C08-6C8846AAB95B}.Release|x64.Build.0 = Release|Any CPU
		{A9797D99-1300-4B33-8C08-6C8846AAB95B}.Release|x86.ActiveCfg = Release|Any CPU
		{A9797D99-1300-4B33-8C08-6C8846AAB95B}.Release|x86.Build.0 = Release|Any CPU
	EndGlobalSection
	GlobalSection(SolutionProperties) = preSolution
		HideSolutionNode = FALSE
	EndGlobalSection
	GlobalSection(NestedProjects) = preSolution
		{3FEF201E-BE79-42A8-BB82-C63C3788310F} = {827E0CD3-B72D-47B6-A68D-7590B98EB39B}
		{84EDA7DA-CA64-41E2-A5A7-FEE3283A7850} = {827E0CD3-B72D-47B6-A68D-7590B98EB39B}
		{9588F4E9-C225-4195-87DE-30B27B8CE671} = {827E0CD3-B72D-47B6-A68D-7590B98EB39B}
		{03B20F31-0554-43B3-B41B-A2041F821753} = {827E0CD3-B72D-47B6-A68D-7590B98EB39B}
		{154A49CF-5AC8-46F9-B349-C5EE20DC297C} = {827E0CD3-B72D-47B6-A68D-7590B98EB39B}
		{D5544BDA-E3FB-4630-94E0-AEA63C845349} = {827E0CD3-B72D-47B6-A68D-7590B98EB39B}
		{2C724BAC-EBDA-48F4-AE59-5FB23E7B9EDE} = {827E0CD3-B72D-47B6-A68D-7590B98EB39B}
		{4F590F96-C8A9-4FD8-976B-2F2BC19AC03D} = {02EA681E-C7D8-13C7-8484-4AC65E1B71E8}
	EndGlobalSection
	GlobalSection(ExtensibilityGlobals) = postSolution
		SolutionGuid = {74E14A28-6C51-42F9-8FD4-D9D892C47C6E}
	EndGlobalSection
EndGlobal
